<?xml version="1.0" encoding="utf-8"?>
<Project ToolsVersion="16.0" xmlns="http://schemas.microsoft.com/developer/msbuild/2003">
  <ItemGroup>
    <Filter Include="Header Files">
      <UniqueIdentifier>{21202758-E8A8-3E04-93F3-097C97FD2E77}</UniqueIdentifier>
    </Filter>
    <Filter Include="Source Files">
      <UniqueIdentifier>{AAB9D2CA-BFB5-3D96-A991-C1559D97F314}</UniqueIdentifier>
    </Filter>
  </ItemGroup>
  <ItemGroup>
    <ClCompile Include="src\Common\System\Android\AndroidSystems.cpp" />
    <ClCompile Include="src\Common\System\Desktop\MainLoopMultiThreaded.cpp" />
    <ClCompile Include="src\Common\System\Desktop\MainLoopSingleThreaded.cpp" />
    <ClCompile Include="src\Common\System\Desktop\UnitTesting.cpp" />
    <ClCompile Include="src\Common\System\MainEntryPoints.cpp" />
    <ClCompile Include="src\Common\System\StaticPluginLoader.cpp" />
    <ClCompile Include="src\Common\Threading\MessageQueueSystem.cpp" />
    <ClCompile Include="src\Common\Utils\HdrUtils.cpp" />
    <ClCompile Include="src\Common\Utils\MeshUtils.cpp" />
    <ClCompile Include="src\Common\Utils\MiscUtils.cpp" />
    <ClCompile Include="src\Common\Utils\ScreenSpaceReflections.cpp" />
    <ClCompile Include="src\Common\Utils\SmaaUtils.cpp" />
    <ClCompile Include="src\Common\Utils\TestUtils.cpp" />
    <ClCompile Include="src\Common\BaseSystem.cpp" />
    <ClCompile Include="src\Common\CameraController.cpp" />
    <ClCompile Include="src\Common\GameEntityManager.cpp" />
    <ClCompile Include="src\Common\GraphicsSystem.cpp" />
    <ClCompile Include="src\Common\LogicSystem.cpp" />
    <ClCompile Include="src\Common\SdlInputHandler.cpp" />
    <ClCompile Include="src\Common\TutorialGameState.cpp" />
    <ClCompile Include="src\Utils\b3Clock.cpp" />
    <ClCompile Include="src\Utils\b3ResourcePath.cpp" />
    <ClCompile Include="src\GraphicsGameState.cpp" />
    <ClCompile Include="src\LogicGameState.cpp" />
    <ClCompile Include="src\MyCamera.cpp" />
    <ClCompile Include="src\OgrePhysicsDemo.cpp" />
    <ClCompile Include="src\PhysicsWorld.cpp" />
  </ItemGroup>
  <ItemGroup>
    <ClInclude Include="include\Common\System\Android\AndroidSystems.h" />
    <ClInclude Include="include\Common\System\Desktop\UnitTesting.h" />
    <ClInclude Include="include\Common\System\iOS\AppDelegate.h" />
    <ClInclude Include="include\Common\System\iOS\GameViewController.h" />
    <ClInclude Include="include\Common\System\iOS\iOSUtils.h" />
    <ClInclude Include="include\Common\System\OSX\OSXUtils.h" />
    <ClInclude Include="include\Common\System\MainEntryPoints.h" />
    <ClInclude Include="include\Common\System\StaticPluginLoader.h" />
    <ClInclude Include="include\Common\Threading\MessageQueueSystem.h" />
    <ClInclude Include="include\Common\Threading\MqMessages.h" />
    <ClInclude Include="include\Common\Threading\YieldTimer.h" />
    <ClInclude Include="include\Common\Utils\HdrUtils.h" />
    <ClInclude Include="include\Common\Utils\MeshUtils.h" />
    <ClInclude Include="include\Common\Utils\MiscUtils.h" />
    <ClInclude Include="include\Common\Utils\ScreenSpaceReflections.h" />
    <ClInclude Include="include\Common\Utils\SmaaUtils.h" />
    <ClInclude Include="include\Common\Utils\TestUtils.h" />
    <ClInclude Include="include\Common\BaseSystem.h" />
    <ClInclude Include="include\Common\CameraController.h" />
    <ClInclude Include="include\Common\GameEntity.h" />
    <ClInclude Include="include\Common\GameEntityManager.h" />
    <ClInclude Include="include\Common\GameState.h" />
    <ClInclude Include="include\Common\GraphicsSystem.h" />
    <ClInclude Include="include\Common\InputListeners.h" />
    <ClInclude Include="include\Common\LogicSystem.h" />
    <ClInclude Include="include\Common\MainEntryPointHelper.h" />
    <ClInclude Include="include\Common\SdlEmulationLayer.h" />
    <ClInclude Include="include\Common\SdlInputHandler.h" />
    <ClInclude Include="include\Common\TutorialGameState.h" />
    <ClInclude Include="include\Utils\b3BulletDefaultFileIO.h" />
    <ClInclude Include="include\Utils\b3Clock.h" />
    <ClInclude Include="include\Utils\b3ERPCFMHelper.hpp" />
    <ClInclude Include="include\Utils\b3ReferenceFrameHelper.hpp" />
    <ClInclude Include="include\Utils\b3ResourcePath.h" />
    <ClInclude Include="include\GraphicsGameState.h" />
    <ClInclude Include="include\LogicGameState.h" />
    <ClInclude Include="include\MyCamera.h" />
    <ClInclude Include="include\PhysicsWorld.h" />
  </ItemGroup>
</Project>